
Microsoft Visual Studio Solution File, Format Version 12.00
# Visual Studio 15
VisualStudioVersion = 15.0.28307.1831
MinimumVisualStudioVersion = 10.0.40219.1
Project("{8BC9CEB8-8B4A-11D0-8D11-00A0C91BC942}") = "satj", "satj\satj.vcxproj", "{3962F531-AED3-45C8-BF4A-C4B213CB54AE}"
EndProject
Global
	GlobalSection(SolutionConfigurationPlatforms) = preSolution
		Debug|x64 = Debug|x64
		Debug|x86 = Debug|x86
		Release|x64 = Release|x64
		Release|x86 = Release|x86
	EndGlobalSection
	GlobalSection(ProjectConfigurationPlatforms) = postSolution
		{3962F531-AED3-45C8-BF4A-C4B213CB54AE}.Debug|x64.ActiveCfg = Debug|x64
		{3962F531-AED3-45C8-BF4A-C4B213CB54AE}.Debug|x64.Build.0 = Debug|x64
		{3962F531-AED3-45C8-BF4A-C4B213CB54AE}.Debug|x86.ActiveCfg = Debug|Win32
		{3962F531-AED3-45C8-BF4A-C4B213CB54AE}.Debug|x86.Build.0 = Debug|Win32
		{3962F531-AED3-45C8-BF4A-C4B213CB54AE}.Release|x64.ActiveCfg = Release|x64
		{3962F531-AED3-45C8-BF4A-C4B213CB54AE}.Release|x64.Build.0 = Release|x64
		{3962F531-AED3-45C8-BF4A-C4B213CB54AE}.Release|x86.ActiveCfg = Release|Win32
		{3962F531-AED3-45C8-BF4A-C4B213CB54AE}.Release|x86.Build.0 = Release|Win32
	EndGlobalSection
	GlobalSection(SolutionProperties) = preSolution
		HideSolutionNode = FALSE
	EndGlobalSection
	GlobalSection(ExtensibilityGlobals) = postSolution
		SolutionGuid = {84CE2CB4-4A55-4B88-B69E-A699917E606E}
	EndGlobalSection
EndGlobal
